// !$*UTF8*$!
{
	archiveVersion = 1;
	classes = {
	};
	objectVersion = 46;
	objects = {

/* Begin PBXBuildFile section */
		408088B7DE7C53CCD61DE9D1 /* libPods-RacTest.a in Frameworks */ = {isa = PBXBuildFile; fileRef = 5BF225B2BAFD36C5D364FED9 /* libPods-RacTest.a */; };
		6D5789F81D87AFBB00913FB5 /* UISearchBar+RAC.m in Sources */ = {isa = PBXBuildFile; fileRef = 6D5789F71D87AFBB00913FB5 /* UISearchBar+RAC.m */; };
		6D5789FB1D87AFC600913FB5 /* Test.m in Sources */ = {isa = PBXBuildFile; fileRef = 6D5789FA1D87AFC600913FB5 /* Test.m */; };
		6D8164111D866B8F00F2BEE2 /* main.m in Sources */ = {isa = PBXBuildFile; fileRef = 6D8164101D866B8F00F2BEE2 /* main.m */; };
		6D8164141D866B8F00F2BEE2 /* AppDelegate.m in Sources */ = {isa = PBXBuildFile; fileRef = 6D8164131D866B8F00F2BEE2 /* AppDelegate.m */; };
		6D8164171D866B8F00F2BEE2 /* ViewController.m in Sources */ = {isa = PBXBuildFile; fileRef = 6D8164161D866B8F00F2BEE2 /* ViewController.m */; };
		6D81641A1D866B8F00F2BEE2 /* Main.storyboard in Resources */ = {isa = PBXBuildFile; fileRef = 6D8164181D866B8F00F2BEE2 /* Main.storyboard */; };
		6D81641C1D866B8F00F2BEE2 /* Assets.xcassets in Resources */ = {isa = PBXBuildFile; fileRef = 6D81641B1D866B8F00F2BEE2 /* Assets.xcassets */; };
		6D81641F1D866B8F00F2BEE2 /* LaunchScreen.storyboard in Resources */ = {isa = PBXBuildFile; fileRef = 6D81641D1D866B8F00F2BEE2 /* LaunchScreen.storyboard */; };
		6D81642A1D866B8F00F2BEE2 /* RacTestTests.m in Sources */ = {isa = PBXBuildFile; fileRef = 6D8164291D866B8F00F2BEE2 /* RacTestTests.m */; };
		6D8164351D866B8F00F2BEE2 /* RacTestUITests.m in Sources */ = {isa = PBXBuildFile; fileRef = 6D8164341D866B8F00F2BEE2 /* RacTestUITests.m */; };
		6D8164441D8688BA00F2BEE2 /* LoginViewVC.m in Sources */ = {isa = PBXBuildFile; fileRef = 6D8164431D8688BA00F2BEE2 /* LoginViewVC.m */; };
		6D8164471D86A45500F2BEE2 /* User.m in Sources */ = {isa = PBXBuildFile; fileRef = 6D8164461D86A45500F2BEE2 /* User.m */; };
		6D81644A1D86A83B00F2BEE2 /* LoginViewModel.m in Sources */ = {isa = PBXBuildFile; fileRef = 6D8164491D86A83B00F2BEE2 /* LoginViewModel.m */; };
		6D81644D1D86B36700F2BEE2 /* TableViewController.m in Sources */ = {isa = PBXBuildFile; fileRef = 6D81644C1D86B36700F2BEE2 /* TableViewController.m */; };
		6D8164531D87A1D500F2BEE2 /* TableVIewModel.m in Sources */ = {isa = PBXBuildFile; fileRef = 6D8164521D87A1D500F2BEE2 /* TableVIewModel.m */; };
		6D8164561D87A1FA00F2BEE2 /* Book.m in Sources */ = {isa = PBXBuildFile; fileRef = 6D8164551D87A1FA00F2BEE2 /* Book.m */; };
		6D81645C1D87A4A100F2BEE2 /* MBProgressHUD+PP.m in Sources */ = {isa = PBXBuildFile; fileRef = 6D81645B1D87A4A100F2BEE2 /* MBProgressHUD+PP.m */; };
		6D9F29F31D8E299800808605 /* SearchVC.m in Sources */ = {isa = PBXBuildFile; fileRef = 6D9F29F21D8E299800808605 /* SearchVC.m */; };
/* End PBXBuildFile section */

/* Begin PBXContainerItemProxy section */
		6D8164261D866B8F00F2BEE2 /* PBXContainerItemProxy */ = {
			isa = PBXContainerItemProxy;
			containerPortal = 6D8164041D866B8F00F2BEE2 /* Project object */;
			proxyType = 1;
			remoteGlobalIDString = 6D81640B1D866B8F00F2BEE2;
			remoteInfo = RacTest;
		};
		6D8164311D866B8F00F2BEE2 /* PBXContainerItemProxy */ = {
			isa = PBXContainerItemProxy;
			containerPortal = 6D8164041D866B8F00F2BEE2 /* Project object */;
			proxyType = 1;
			remoteGlobalIDString = 6D81640B1D866B8F00F2BEE2;
			remoteInfo = RacTest;
		};
/* End PBXContainerItemProxy section */

/* Begin PBXFileReference section */
		0C1140980CA80609C07ED325 /* Pods-RacTest.release.xcconfig */ = {isa = PBXFileReference; includeInIndex = 1; lastKnownFileType = text.xcconfig; name = "Pods-RacTest.release.xcconfig"; path = "Pods/Target Support Files/Pods-RacTest/Pods-RacTest.release.xcconfig"; sourceTree = "<group>"; };
		5BF225B2BAFD36C5D364FED9 /* libPods-RacTest.a */ = {isa = PBXFileReference; explicitFileType = archive.ar; includeInIndex = 0; path = "libPods-RacTest.a"; sourceTree = BUILT_PRODUCTS_DIR; };
		6D5789F61D87AFBB00913FB5 /* UISearchBar+RAC.h */ = {isa = PBXFileReference; fileEncoding = 4; lastKnownFileType = sourcecode.c.h; name = "UISearchBar+RAC.h"; path = "RacTest/UISearchBar+RAC.h"; sourceTree = "<group>"; };
		6D5789F71D87AFBB00913FB5 /* UISearchBar+RAC.m */ = {isa = PBXFileReference; fileEncoding = 4; lastKnownFileType = sourcecode.c.objc; name = "UISearchBar+RAC.m"; path = "RacTest/UISearchBar+RAC.m"; sourceTree = "<group>"; };
		6D5789F91D87AFC600913FB5 /* Test.h */ = {isa = PBXFileReference; fileEncoding = 4; lastKnownFileType = sourcecode.c.h; name = Test.h; path = RacTest/Test.h; sourceTree = "<group>"; };
		6D5789FA1D87AFC600913FB5 /* Test.m */ = {isa = PBXFileReference; fileEncoding = 4; lastKnownFileType = sourcecode.c.objc; name = Test.m; path = RacTest/Test.m; sourceTree = "<group>"; };
		6D81640C1D866B8F00F2BEE2 /* RacTest.app */ = {isa = PBXFileReference; explicitFileType = wrapper.application; includeInIndex = 0; path = RacTest.app; sourceTree = BUILT_PRODUCTS_DIR; };
		6D8164101D866B8F00F2BEE2 /* main.m */ = {isa = PBXFileReference; lastKnownFileType = sourcecode.c.objc; path = main.m; sourceTree = "<group>"; };
		6D8164121D866B8F00F2BEE2 /* AppDelegate.h */ = {isa = PBXFileReference; lastKnownFileType = sourcecode.c.h; path = AppDelegate.h; sourceTree = "<group>"; };
		6D8164131D866B8F00F2BEE2 /* AppDelegate.m */ = {isa = PBXFileReference; lastKnownFileType = sourcecode.c.objc; path = AppDelegate.m; sourceTree = "<group>"; };
		6D8164151D866B8F00F2BEE2 /* ViewController.h */ = {isa = PBXFileReference; lastKnownFileType = sourcecode.c.h; path = ViewController.h; sourceTree = "<group>"; };
		6D8164161D866B8F00F2BEE2 /* ViewController.m */ = {isa = PBXFileReference; lastKnownFileType = sourcecode.c.objc; path = ViewController.m; sourceTree = "<group>"; };
		6D8164191D866B8F00F2BEE2 /* Base */ = {isa = PBXFileReference; lastKnownFileType = file.storyboard; name = Base; path = Base.lproj/Main.storyboard; sourceTree = "<group>"; };
		6D81641B1D866B8F00F2BEE2 /* Assets.xcassets */ = {isa = PBXFileReference; lastKnownFileType = folder.assetcatalog; path = Assets.xcassets; sourceTree = "<group>"; };
		6D81641E1D866B8F00F2BEE2 /* Base */ = {isa = PBXFileReference; lastKnownFileType = file.storyboard; name = Base; path = Base.lproj/LaunchScreen.storyboard; sourceTree = "<group>"; };
		6D8164201D866B8F00F2BEE2 /* Info.plist */ = {isa = PBXFileReference; lastKnownFileType = text.plist.xml; path = Info.plist; sourceTree = "<group>"; };
		6D8164251D866B8F00F2BEE2 /* RacTestTests.xctest */ = {isa = PBXFileReference; explicitFileType = wrapper.cfbundle; includeInIndex = 0; path = RacTestTests.xctest; sourceTree = BUILT_PRODUCTS_DIR; };
		6D8164291D866B8F00F2BEE2 /* RacTestTests.m */ = {isa = PBXFileReference; lastKnownFileType = sourcecode.c.objc; path = RacTestTests.m; sourceTree = "<group>"; };
		6D81642B1D866B8F00F2BEE2 /* Info.plist */ = {isa = PBXFileReference; lastKnownFileType = text.plist.xml; path = Info.plist; sourceTree = "<group>"; };
		6D8164301D866B8F00F2BEE2 /* RacTestUITests.xctest */ = {isa = PBXFileReference; explicitFileType = wrapper.cfbundle; includeInIndex = 0; path = RacTestUITests.xctest; sourceTree = BUILT_PRODUCTS_DIR; };
		6D8164341D866B8F00F2BEE2 /* RacTestUITests.m */ = {isa = PBXFileReference; lastKnownFileType = sourcecode.c.objc; path = RacTestUITests.m; sourceTree = "<group>"; };
		6D8164361D866B8F00F2BEE2 /* Info.plist */ = {isa = PBXFileReference; lastKnownFileType = text.plist.xml; path = Info.plist; sourceTree = "<group>"; };
		6D8164421D8688BA00F2BEE2 /* LoginViewVC.h */ = {isa = PBXFileReference; fileEncoding = 4; lastKnownFileType = sourcecode.c.h; path = LoginViewVC.h; sourceTree = "<group>"; };
		6D8164431D8688BA00F2BEE2 /* LoginViewVC.m */ = {isa = PBXFileReference; fileEncoding = 4; lastKnownFileType = sourcecode.c.objc; path = LoginViewVC.m; sourceTree = "<group>"; };
		6D8164451D86A45500F2BEE2 /* User.h */ = {isa = PBXFileReference; fileEncoding = 4; lastKnownFileType = sourcecode.c.h; path = User.h; sourceTree = "<group>"; };
		6D8164461D86A45500F2BEE2 /* User.m */ = {isa = PBXFileReference; fileEncoding = 4; lastKnownFileType = sourcecode.c.objc; path = User.m; sourceTree = "<group>"; };
		6D8164481D86A83B00F2BEE2 /* LoginViewModel.h */ = {isa = PBXFileReference; fileEncoding = 4; lastKnownFileType = sourcecode.c.h; path = LoginViewModel.h; sourceTree = "<group>"; };
		6D8164491D86A83B00F2BEE2 /* LoginViewModel.m */ = {isa = PBXFileReference; fileEncoding = 4; lastKnownFileType = sourcecode.c.objc; path = LoginViewModel.m; sourceTree = "<group>"; };
		6D81644B1D86B36700F2BEE2 /* TableViewController.h */ = {isa = PBXFileReference; fileEncoding = 4; lastKnownFileType = sourcecode.c.h; path = TableViewController.h; sourceTree = "<group>"; };
		6D81644C1D86B36700F2BEE2 /* TableViewController.m */ = {isa = PBXFileReference; fileEncoding = 4; lastKnownFileType = sourcecode.c.objc; path = TableViewController.m; sourceTree = "<group>"; };
		6D8164511D87A1D500F2BEE2 /* TableVIewModel.h */ = {isa = PBXFileReference; fileEncoding = 4; lastKnownFileType = sourcecode.c.h; path = TableVIewModel.h; sourceTree = "<group>"; };
		6D8164521D87A1D500F2BEE2 /* TableVIewModel.m */ = {isa = PBXFileReference; fileEncoding = 4; lastKnownFileType = sourcecode.c.objc; path = TableVIewModel.m; sourceTree = "<group>"; };
		6D8164541D87A1FA00F2BEE2 /* Book.h */ = {isa = PBXFileReference; fileEncoding = 4; lastKnownFileType = sourcecode.c.h; path = Book.h; sourceTree = "<group>"; };
		6D8164551D87A1FA00F2BEE2 /* Book.m */ = {isa = PBXFileReference; fileEncoding = 4; lastKnownFileType = sourcecode.c.objc; path = Book.m; sourceTree = "<group>"; };
		6D81645A1D87A4A100F2BEE2 /* MBProgressHUD+PP.h */ = {isa = PBXFileReference; fileEncoding = 4; lastKnownFileType = sourcecode.c.h; path = "MBProgressHUD+PP.h"; sourceTree = "<group>"; };
		6D81645B1D87A4A100F2BEE2 /* MBProgressHUD+PP.m */ = {isa = PBXFileReference; fileEncoding = 4; lastKnownFileType = sourcecode.c.objc; path = "MBProgressHUD+PP.m"; sourceTree = "<group>"; };
		6D9F29F11D8E299800808605 /* SearchVC.h */ = {isa = PBXFileReference; fileEncoding = 4; lastKnownFileType = sourcecode.c.h; path = SearchVC.h; sourceTree = "<group>"; };
		6D9F29F21D8E299800808605 /* SearchVC.m */ = {isa = PBXFileReference; fileEncoding = 4; lastKnownFileType = sourcecode.c.objc; path = SearchVC.m; sourceTree = "<group>"; };
		FA0E3E77B3A844AA837CA68B /* Pods-RacTest.debug.xcconfig */ = {isa = PBXFileReference; includeInIndex = 1; lastKnownFileType = text.xcconfig; name = "Pods-RacTest.debug.xcconfig"; path = "Pods/Target Support Files/Pods-RacTest/Pods-RacTest.debug.xcconfig"; sourceTree = "<group>"; };
/* End PBXFileReference section */

/* Begin PBXFrameworksBuildPhase section */
		6D8164091D866B8F00F2BEE2 /* Frameworks */ = {
			isa = PBXFrameworksBuildPhase;
			buildActionMask = 2147483647;
			files = (
				408088B7DE7C53CCD61DE9D1 /* libPods-RacTest.a in Frameworks */,
			);
			runOnlyForDeploymentPostprocessing = 0;
		};
		6D8164221D866B8F00F2BEE2 /* Frameworks */ = {
			isa = PBXFrameworksBuildPhase;
			buildActionMask = 2147483647;
			files = (
			);
			runOnlyForDeploymentPostprocessing = 0;
		};
		6D81642D1D866B8F00F2BEE2 /* Frameworks */ = {
			isa = PBXFrameworksBuildPhase;
			buildActionMask = 2147483647;
			files = (
			);
			runOnlyForDeploymentPostprocessing = 0;
		};
/* End PBXFrameworksBuildPhase section */

/* Begin PBXGroup section */
		103D42693A7D75760129D09E /* Frameworks */ = {
			isa = PBXGroup;
			children = (
				5BF225B2BAFD36C5D364FED9 /* libPods-RacTest.a */,
			);
			name = Frameworks;
			sourceTree = "<group>";
		};
		6D5789FC1D87BFB100913FB5 /* Tets */ = {
			isa = PBXGroup;
			children = (
				6D5789F91D87AFC600913FB5 /* Test.h */,
				6D5789FA1D87AFC600913FB5 /* Test.m */,
				6D5789F61D87AFBB00913FB5 /* UISearchBar+RAC.h */,
				6D5789F71D87AFBB00913FB5 /* UISearchBar+RAC.m */,
			);
			name = Tets;
			sourceTree = "<group>";
		};
		6D8164031D866B8F00F2BEE2 = {
			isa = PBXGroup;
			children = (
				6D5789FC1D87BFB100913FB5 /* Tets */,
				6D81640E1D866B8F00F2BEE2 /* RacTest */,
				6D8164281D866B8F00F2BEE2 /* RacTestTests */,
				6D8164331D866B8F00F2BEE2 /* RacTestUITests */,
				6D81640D1D866B8F00F2BEE2 /* Products */,
				DAAE624881A716EF31A44F14 /* Pods */,
				103D42693A7D75760129D09E /* Frameworks */,
			);
			sourceTree = "<group>";
		};
		6D81640D1D866B8F00F2BEE2 /* Products */ = {
			isa = PBXGroup;
			children = (
				6D81640C1D866B8F00F2BEE2 /* RacTest.app */,
				6D8164251D866B8F00F2BEE2 /* RacTestTests.xctest */,
				6D8164301D866B8F00F2BEE2 /* RacTestUITests.xctest */,
			);
			name = Products;
			sourceTree = "<group>";
		};
		6D81640E1D866B8F00F2BEE2 /* RacTest */ = {
			isa = PBXGroup;
			children = (
				6D9F29ED1D8E28B100808605 /* SearchBar */,
				6D8164591D87A47300F2BEE2 /* Helper */,
				6D8164581D87A21800F2BEE2 /* Mvvm+rac */,
				6D8164571D87A20000F2BEE2 /* login */,
				6D8164121D866B8F00F2BEE2 /* AppDelegate.h */,
				6D8164131D866B8F00F2BEE2 /* AppDelegate.m */,
				6D8164151D866B8F00F2BEE2 /* ViewController.h */,
				6D8164161D866B8F00F2BEE2 /* ViewController.m */,
				6D8164181D866B8F00F2BEE2 /* Main.storyboard */,
				6D81641B1D866B8F00F2BEE2 /* Assets.xcassets */,
				6D81641D1D866B8F00F2BEE2 /* LaunchScreen.storyboard */,
				6D8164201D866B8F00F2BEE2 /* Info.plist */,
				6D81640F1D866B8F00F2BEE2 /* Supporting Files */,
			);
			path = RacTest;
			sourceTree = "<group>";
		};
		6D81640F1D866B8F00F2BEE2 /* Supporting Files */ = {
			isa = PBXGroup;
			children = (
				6D8164101D866B8F00F2BEE2 /* main.m */,
			);
			name = "Supporting Files";
			sourceTree = "<group>";
		};
		6D8164281D866B8F00F2BEE2 /* RacTestTests */ = {
			isa = PBXGroup;
			children = (
				6D8164291D866B8F00F2BEE2 /* RacTestTests.m */,
				6D81642B1D866B8F00F2BEE2 /* Info.plist */,
			);
			path = RacTestTests;
			sourceTree = "<group>";
		};
		6D8164331D866B8F00F2BEE2 /* RacTestUITests */ = {
			isa = PBXGroup;
			children = (
				6D8164341D866B8F00F2BEE2 /* RacTestUITests.m */,
				6D8164361D866B8F00F2BEE2 /* Info.plist */,
			);
			path = RacTestUITests;
			sourceTree = "<group>";
		};
		6D8164571D87A20000F2BEE2 /* login */ = {
			isa = PBXGroup;
			children = (
				6D8164421D8688BA00F2BEE2 /* LoginViewVC.h */,
				6D8164431D8688BA00F2BEE2 /* LoginViewVC.m */,
				6D8164451D86A45500F2BEE2 /* User.h */,
				6D8164461D86A45500F2BEE2 /* User.m */,
				6D8164481D86A83B00F2BEE2 /* LoginViewModel.h */,
				6D8164491D86A83B00F2BEE2 /* LoginViewModel.m */,
			);
			name = login;
			sourceTree = "<group>";
		};
		6D8164581D87A21800F2BEE2 /* Mvvm+rac */ = {
			isa = PBXGroup;
			children = (
				6D81644B1D86B36700F2BEE2 /* TableViewController.h */,
				6D81644C1D86B36700F2BEE2 /* TableViewController.m */,
				6D8164511D87A1D500F2BEE2 /* TableVIewModel.h */,
				6D8164521D87A1D500F2BEE2 /* TableVIewModel.m */,
				6D8164541D87A1FA00F2BEE2 /* Book.h */,
				6D8164551D87A1FA00F2BEE2 /* Book.m */,
			);
			name = "Mvvm+rac";
			sourceTree = "<group>";
		};
		6D8164591D87A47300F2BEE2 /* Helper */ = {
			isa = PBXGroup;
			children = (
				6D81645A1D87A4A100F2BEE2 /* MBProgressHUD+PP.h */,
				6D81645B1D87A4A100F2BEE2 /* MBProgressHUD+PP.m */,
			);
			name = Helper;
			sourceTree = "<group>";
		};
		6D9F29ED1D8E28B100808605 /* SearchBar */ = {
			isa = PBXGroup;
			children = (
				6D9F29F11D8E299800808605 /* SearchVC.h */,
				6D9F29F21D8E299800808605 /* SearchVC.m */,
			);
			name = SearchBar;
			sourceTree = "<group>";
		};
		DAAE624881A716EF31A44F14 /* Pods */ = {
			isa = PBXGroup;
			children = (
				FA0E3E77B3A844AA837CA68B /* Pods-RacTest.debug.xcconfig */,
				0C1140980CA80609C07ED325 /* Pods-RacTest.release.xcconfig */,
			);
			name = Pods;
			sourceTree = "<group>";
		};
/* End PBXGroup section */

/* Begin PBXNativeTarget section */
		6D81640B1D866B8F00F2BEE2 /* RacTest */ = {
			isa = PBXNativeTarget;
			buildConfigurationList = 6D8164391D866B8F00F2BEE2 /* Build configuration list for PBXNativeTarget "RacTest" */;
			buildPhases = (
				87330F3510E687909CBACC82 /* [CP] Check Pods Manifest.lock */,
				6D8164081D866B8F00F2BEE2 /* Sources */,
				6D8164091D866B8F00F2BEE2 /* Frameworks */,
				6D81640A1D866B8F00F2BEE2 /* Resources */,
				402C9B5A5E7532E5B08D9FBA /* [CP] Embed Pods Frameworks */,
				25AAF632E96A820D0D7E6D0D /* [CP] Copy Pods Resources */,
			);
			buildRules = (
			);
			dependencies = (
			);
			name = RacTest;
			productName = RacTest;
			productReference = 6D81640C1D866B8F00F2BEE2 /* RacTest.app */;
			productType = "com.apple.product-type.application";
		};
		6D8164241D866B8F00F2BEE2 /* RacTestTests */ = {
			isa = PBXNativeTarget;
			buildConfigurationList = 6D81643C1D866B8F00F2BEE2 /* Build configuration list for PBXNativeTarget "RacTestTests" */;
			buildPhases = (
				6D8164211D866B8F00F2BEE2 /* Sources */,
				6D8164221D866B8F00F2BEE2 /* Frameworks */,
				6D8164231D866B8F00F2BEE2 /* Resources */,
			);
			buildRules = (
			);
			dependencies = (
				6D8164271D866B8F00F2BEE2 /* PBXTargetDependency */,
			);
			name = RacTestTests;
			productName = RacTestTests;
			productReference = 6D8164251D866B8F00F2BEE2 /* RacTestTests.xctest */;
			productType = "com.apple.product-type.bundle.unit-test";
		};
		6D81642F1D866B8F00F2BEE2 /* RacTestUITests */ = {
			isa = PBXNativeTarget;
			buildConfigurationList = 6D81643F1D866B8F00F2BEE2 /* Build configuration list for PBXNativeTarget "RacTestUITests" */;
			buildPhases = (
				6D81642C1D866B8F00F2BEE2 /* Sources */,
				6D81642D1D866B8F00F2BEE2 /* Frameworks */,
				6D81642E1D866B8F00F2BEE2 /* Resources */,
			);
			buildRules = (
			);
			dependencies = (
				6D8164321D866B8F00F2BEE2 /* PBXTargetDependency */,
			);
			name = RacTestUITests;
			productName = RacTestUITests;
			productReference = 6D8164301D866B8F00F2BEE2 /* RacTestUITests.xctest */;
			productType = "com.apple.product-type.bundle.ui-testing";
		};
/* End PBXNativeTarget section */

/* Begin PBXProject section */
		6D8164041D866B8F00F2BEE2 /* Project object */ = {
			isa = PBXProject;
			attributes = {
				LastUpgradeCheck = 0730;
				ORGANIZATIONNAME = "高盼盼";
				TargetAttributes = {
					6D81640B1D866B8F00F2BEE2 = {
						CreatedOnToolsVersion = 7.3.1;
						DevelopmentTeam = 9E6KL9LW2Q;
					};
					6D8164241D866B8F00F2BEE2 = {
						CreatedOnToolsVersion = 7.3.1;
						DevelopmentTeam = 9E6KL9LW2Q;
						TestTargetID = 6D81640B1D866B8F00F2BEE2;
					};
					6D81642F1D866B8F00F2BEE2 = {
						CreatedOnToolsVersion = 7.3.1;
						DevelopmentTeam = 9E6KL9LW2Q;
						TestTargetID = 6D81640B1D866B8F00F2BEE2;
					};
				};
			};
			buildConfigurationList = 6D8164071D866B8F00F2BEE2 /* Build configuration list for PBXProject "RacTest" */;
			compatibilityVersion = "Xcode 3.2";
			developmentRegion = English;
			hasScannedForEncodings = 0;
			knownRegions = (
				en,
				Base,
			);
			mainGroup = 6D8164031D866B8F00F2BEE2;
			productRefGroup = 6D81640D1D866B8F00F2BEE2 /* Products */;
			projectDirPath = "";
			projectRoot = "";
			targets = (
				6D81640B1D866B8F00F2BEE2 /* RacTest */,
				6D8164241D866B8F00F2BEE2 /* RacTestTests */,
				6D81642F1D866B8F00F2BEE2 /* RacTestUITests */,
			);
		};
/* End PBXProject section */

/* Begin PBXResourcesBuildPhase section */
		6D81640A1D866B8F00F2BEE2 /* Resources */ = {
			isa = PBXResourcesBuildPhase;
			buildActionMask = 2147483647;
			files = (
				6D81641F1D866B8F00F2BEE2 /* LaunchScreen.storyboard in Resources */,
				6D81641C1D866B8F00F2BEE2 /* Assets.xcassets in Resources */,
				6D81641A1D866B8F00F2BEE2 /* Main.storyboard in Resources */,
			);
			runOnlyForDeploymentPostprocessing = 0;
		};
		6D8164231D866B8F00F2BEE2 /* Resources */ = {
			isa = PBXResourcesBuildPhase;
			buildActionMask = 2147483647;
			files = (
			);
			runOnlyForDeploymentPostprocessing = 0;
		};
		6D81642E1D866B8F00F2BEE2 /* Resources */ = {
			isa = PBXResourcesBuildPhase;
			buildActionMask = 2147483647;
			files = (
			);
			runOnlyForDeploymentPostprocessing = 0;
		};
/* End PBXResourcesBuildPhase section */

/* Begin PBXShellScriptBuildPhase section */
		25AAF632E96A820D0D7E6D0D /* [CP] Copy Pods Resources */ = {
			isa = PBXShellScriptBuildPhase;
			buildActionMask = 2147483647;
			files = (
			);
			inputPaths = (
			);
			name = "[CP] Copy Pods Resources";
			outputPaths = (
			);
			runOnlyForDeploymentPostprocessing = 0;
			shellPath = /bin/sh;
			shellScript = "\"${SRCROOT}/Pods/Target Support Files/Pods-RacTest/Pods-RacTest-resources.sh\"\n";
			showEnvVarsInLog = 0;
		};
		402C9B5A5E7532E5B08D9FBA /* [CP] Embed Pods Frameworks */ = {
			isa = PBXShellScriptBuildPhase;
			buildActionMask = 2147483647;
			files = (
			);
			inputPaths = (
			);
			name = "[CP] Embed Pods Frameworks";
			outputPaths = (
			);
			runOnlyForDeploymentPostprocessing = 0;
			shellPath = /bin/sh;
			shellScript = "\"${SRCROOT}/Pods/Target Support Files/Pods-RacTest/Pods-RacTest-frameworks.sh\"\n";
			showEnvVarsInLog = 0;
		};
		87330F3510E687909CBACC82 /* [CP] Check Pods Manifest.lock */ = {
			isa = PBXShellScriptBuildPhase;
			buildActionMask = 2147483647;
			files = (
			);
			inputPaths = (
			);
			name = "[CP] Check Pods Manifest.lock";
			outputPaths = (
			);
			runOnlyForDeploymentPostprocessing = 0;
			shellPath = /bin/sh;
			shellScript = "diff \"${PODS_ROOT}/../Podfile.lock\" \"${PODS_ROOT}/Manifest.lock\" > /dev/null\nif [ $? != 0 ] ; then\n    # print error to STDERR\n    echo \"error: The sandbox is not in sync with the Podfile.lock. Run 'pod install' or update your CocoaPods installation.\" >&2\n    exit 1\nfi\n";
			showEnvVarsInLog = 0;
		};
/* End PBXShellScriptBuildPhase section */

/* Begin PBXSourcesBuildPhase section */
		6D8164081D866B8F00F2BEE2 /* Sources */ = {
			isa = PBXSourcesBuildPhase;
			buildActionMask = 2147483647;
			files = (
				6D8164471D86A45500F2BEE2 /* User.m in Sources */,
				6D81645C1D87A4A100F2BEE2 /* MBProgressHUD+PP.m in Sources */,
				6D8164561D87A1FA00F2BEE2 /* Book.m in Sources */,
				6D8164171D866B8F00F2BEE2 /* ViewController.m in Sources */,
				6D81644A1D86A83B00F2BEE2 /* LoginViewModel.m in Sources */,
				6D8164531D87A1D500F2BEE2 /* TableVIewModel.m in Sources */,
				6D8164441D8688BA00F2BEE2 /* LoginViewVC.m in Sources */,
				6D5789F81D87AFBB00913FB5 /* UISearchBar+RAC.m in Sources */,
				6D9F29F31D8E299800808605 /* SearchVC.m in Sources */,
				6D8164141D866B8F00F2BEE2 /* AppDelegate.m in Sources */,
				6D5789FB1D87AFC600913FB5 /* Test.m in Sources */,
				6D81644D1D86B36700F2BEE2 /* TableViewController.m in Sources */,
				6D8164111D866B8F00F2BEE2 /* main.m in Sources */,
			);
			runOnlyForDeploymentPostprocessing = 0;
		};
		6D8164211D866B8F00F2BEE2 /* Sources */ = {
			isa = PBXSourcesBuildPhase;
			buildActionMask = 2147483647;
			files = (
				6D81642A1D866B8F00F2BEE2 /* RacTestTests.m in Sources */,
			);
			runOnlyForDeploymentPostprocessing = 0;
		};
		6D81642C1D866B8F00F2BEE2 /* Sources */ = {
			isa = PBXSourcesBuildPhase;
			buildActionMask = 2147483647;
			files = (
				6D8164351D866B8F00F2BEE2 /* RacTestUITests.m in Sources */,
			);
			runOnlyForDeploymentPostprocessing = 0;
		};
/* End PBXSourcesBuildPhase section */

/* Begin PBXTargetDependency section */
		6D8164271D866B8F00F2BEE2 /* PBXTargetDependency */ = {
			isa = PBXTargetDependency;
			target = 6D81640B1D866B8F00F2BEE2 /* RacTest */;
			targetProxy = 6D8164261D866B8F00F2BEE2 /* PBXContainerItemProxy */;
		};
		6D8164321D866B8F00F2BEE2 /* PBXTargetDependency */ = {
			isa = PBXTargetDependency;
			target = 6D81640B1D866B8F00F2BEE2 /* RacTest */;
			targetProxy = 6D8164311D866B8F00F2BEE2 /* PBXContainerItemProxy */;
		};
/* End PBXTargetDependency section */

/* Begin PBXVariantGroup section */
		6D8164181D866B8F00F2BEE2 /* Main.storyboard */ = {
			isa = PBXVariantGroup;
			children = (
				6D8164191D866B8F00F2BEE2 /* Base */,
			);
			name = Main.storyboard;
			sourceTree = "<group>";
		};
		6D81641D1D866B8F00F2BEE2 /* LaunchScreen.storyboard */ = {
			isa = PBXVariantGroup;
			children = (
				6D81641E1D866B8F00F2BEE2 /* Base */,
			);
			name = LaunchScreen.storyboard;
			sourceTree = "<group>";
		};
/* End PBXVariantGroup section */

/* Begin XCBuildConfiguration section */
		6D8164371D866B8F00F2BEE2 /* Debug */ = {
			isa = XCBuildConfiguration;
			buildSettings = {
				ALWAYS_SEARCH_USER_PATHS = NO;
				CLANG_ANALYZER_NONNULL = YES;
				CLANG_CXX_LANGUAGE_STANDARD = "gnu++0x";
				CLANG_CXX_LIBRARY = "libc++";
				CLANG_ENABLE_MODULES = YES;
				CLANG_ENABLE_OBJC_ARC = YES;
				CLANG_WARN_BOOL_CONVERSION = YES;
				CLANG_WARN_CONSTANT_CONVERSION = YES;
				CLANG_WARN_DIRECT_OBJC_ISA_USAGE = YES_ERROR;
				CLANG_WARN_EMPTY_BODY = YES;
				CLANG_WARN_ENUM_CONVERSION = YES;
				CLANG_WARN_INT_CONVERSION = YES;
				CLANG_WARN_OBJC_ROOT_CLASS = YES_ERROR;
				CLANG_WARN_UNREACHABLE_CODE = YES;
				CLANG_WARN__DUPLICATE_METHOD_MATCH = YES;
				"CODE_SIGN_IDENTITY[sdk=iphoneos*]" = "iPhone Developer";
				COPY_PHASE_STRIP = NO;
				DEBUG_INFORMATION_FORMAT = dwarf;
				ENABLE_STRICT_OBJC_MSGSEND = YES;
				ENABLE_TESTABILITY = YES;
				GCC_C_LANGUAGE_STANDARD = gnu99;
				GCC_DYNAMIC_NO_PIC = NO;
				GCC_NO_COMMON_BLOCKS = YES;
				GCC_OPTIMIZATION_LEVEL = 0;
				GCC_PREPROCESSOR_DEFINITIONS = (
					"DEBUG=1",
					"$(inherited)",
				);
				GCC_WARN_64_TO_32_BIT_CONVERSION = YES;
				GCC_WARN_ABOUT_RETURN_TYPE = YES_ERROR;
				GCC_WARN_UNDECLARED_SELECTOR = YES;
				GCC_WARN_UNINITIALIZED_AUTOS = YES_AGGRESSIVE;
				GCC_WARN_UNUSED_FUNCTION = YES;
				GCC_WARN_UNUSED_VARIABLE = YES;
				IPHONEOS_DEPLOYMENT_TARGET = 9.3;
				MTL_ENABLE_DEBUG_INFO = YES;
				ONLY_ACTIVE_ARCH = YES;
				SDKROOT = iphoneos;
				TARGETED_DEVICE_FAMILY = "1,2";
			};
			name = Debug;
		};
		6D8164381D866B8F00F2BEE2 /* Release */ = {
			isa = XCBuildConfiguration;
			buildSettings = {
				ALWAYS_SEARCH_USER_PATHS = NO;
				CLANG_ANALYZER_NONNULL = YES;
				CLANG_CXX_LANGUAGE_STANDARD = "gnu++0x";
				CLANG_CXX_LIBRARY = "libc++";
				CLANG_ENABLE_MODULES = YES;
				CLANG_ENABLE_OBJC_ARC = YES;
				CLANG_WARN_BOOL_CONVERSION = YES;
				CLANG_WARN_CONSTANT_CONVERSION = YES;
				CLANG_WARN_DIRECT_OBJC_ISA_USAGE = YES_ERROR;
				CLANG_WARN_EMPTY_BODY = YES;
				CLANG_WARN_ENUM_CONVERSION = YES;
				CLANG_WARN_INT_CONVERSION = YES;
				CLANG_WARN_OBJC_ROOT_CLASS = YES_ERROR;
				CLANG_WARN_UNREACHABLE_CODE = YES;
				CLANG_WARN__DUPLICATE_METHOD_MATCH = YES;
				"CODE_SIGN_IDENTITY[sdk=iphoneos*]" = "iPhone Developer";
				COPY_PHASE_STRIP = NO;
				DEBUG_INFORMATION_FORMAT = "dwarf-with-dsym";
				ENABLE_NS_ASSERTIONS = NO;
				ENABLE_STRICT_OBJC_MSGSEND = YES;
				GCC_C_LANGUAGE_STANDARD = gnu99;
				GCC_NO_COMMON_BLOCKS = YES;
				GCC_WARN_64_TO_32_BIT_CONVERSION = YES;
				GCC_WARN_ABOUT_RETURN_TYPE = YES_ERROR;
				GCC_WARN_UNDECLARED_SELECTOR = YES;
				GCC_WARN_UNINITIALIZED_AUTOS = YES_AGGRESSIVE;
				GCC_WARN_UNUSED_FUNCTION = YES;
				GCC_WARN_UNUSED_VARIABLE = YES;
				IPHONEOS_DEPLOYMENT_TARGET = 9.3;
				MTL_ENABLE_DEBUG_INFO = NO;
				SDKROOT = iphoneos;
				TARGETED_DEVICE_FAMILY = "1,2";
				VALIDATE_PRODUCT = YES;
			};
			name = Release;
		};
		6D81643A1D866B8F00F2BEE2 /* Debug */ = {
			isa = XCBuildConfiguration;
			baseConfigurationReference = FA0E3E77B3A844AA837CA68B /* Pods-RacTest.debug.xcconfig */;
			buildSettings = {
				ASSETCATALOG_COMPILER_APPICON_NAME = AppIcon;
				INFOPLIST_FILE = RacTest/Info.plist;
				LD_RUNPATH_SEARCH_PATHS = "$(inherited) @executable_path/Frameworks";
				PRODUCT_BUNDLE_IDENTIFIER = Gaopan.RacTest;
				PRODUCT_NAME = "$(TARGET_NAME)";
			};
			name = Debug;
		};
		6D81643B1D866B8F00F2BEE2 /* Release */ = {
			isa = XCBuildConfiguration;
			baseConfigurationReference = 0C1140980CA80609C07ED325 /* Pods-RacTest.release.xcconfig */;
			buildSettings = {
				ASSETCATALOG_COMPILER_APPICON_NAME = AppIcon;
				INFOPLIST_FILE = RacTest/Info.plist;
				LD_RUNPATH_SEARCH_PATHS = "$(inherited) @executable_path/Frameworks";
				PRODUCT_BUNDLE_IDENTIFIER = Gaopan.RacTest;
				PRODUCT_NAME = "$(TARGET_NAME)";
			};
			name = Release;
		};
		6D81643D1D866B8F00F2BEE2 /* Debug */ = {
			isa = XCBuildConfiguration;
			buildSettings = {
				BUNDLE_LOADER = "$(TEST_HOST)";
				INFOPLIST_FILE = RacTestTests/Info.plist;
				LD_RUNPATH_SEARCH_PATHS = "$(inherited) @executable_path/Frameworks @loader_path/Frameworks";
				PRODUCT_BUNDLE_IDENTIFIER = Gaopan.RacTestTests;
				PRODUCT_NAME = "$(TARGET_NAME)";
				TEST_HOST = "$(BUILT_PRODUCTS_DIR)/RacTest.app/RacTest";
			};
			name = Debug;
		};
		6D81643E1D866B8F00F2BEE2 /* Release */ = {
			isa = XCBuildConfiguration;
			buildSettings = {
				BUNDLE_LOADER = "$(TEST_HOST)";
				INFOPLIST_FILE = RacTestTests/Info.plist;
				LD_RUNPATH_SEARCH_PATHS = "$(inherited) @executable_path/Frameworks @loader_path/Frameworks";
				PRODUCT_BUNDLE_IDENTIFIER = Gaopan.RacTestTests;
				PRODUCT_NAME = "$(TARGET_NAME)";
				TEST_HOST = "$(BUILT_PRODUCTS_DIR)/RacTest.app/RacTest";
			};
			name = Release;
		};
		6D8164401D866B8F00F2BEE2 /* Debug */ = {
			isa = XCBuildConfiguration;
			buildSettings = {
				INFOPLIST_FILE = RacTestUITests/Info.plist;
				LD_RUNPATH_SEARCH_PATHS = "$(inherited) @executable_path/Frameworks @loader_path/Frameworks";
				PRODUCT_BUNDLE_IDENTIFIER = Gaopan.RacTestUITests;
				PRODUCT_NAME = "$(TARGET_NAME)";
				TEST_TARGET_NAME = RacTest;
			};
			name = Debug;
		};
		6D8164411D866B8F00F2BEE2 /* Release */ = {
			isa = XCBuildConfiguration;
			buildSettings = {
				INFOPLIST_FILE = RacTestUITests/Info.plist;
				LD_RUNPATH_SEARCH_PATHS = "$(inherited) @executable_path/Frameworks @loader_path/Frameworks";
				PRODUCT_BUNDLE_IDENTIFIER = Gaopan.RacTestUITests;
				PRODUCT_NAME = "$(TARGET_NAME)";
				TEST_TARGET_NAME = RacTest;
			};
			name = Release;
		};
/* End XCBuildConfiguration section */

/* Begin XCConfigurationList section */
		6D8164071D866B8F00F2BEE2 /* Build configuration list for PBXProject "RacTest" */ = {
			isa = XCConfigurationList;
			buildConfigurations = (
				6D8164371D866B8F00F2BEE2 /* Debug */,
				6D8164381D866B8F00F2BEE2 /* Release */,
			);
			defaultConfigurationIsVisible = 0;
			defaultConfigurationName = Release;
		};
		6D8164391D866B8F00F2BEE2 /* Build configuration list for PBXNativeTarget "RacTest" */ = {
			isa = XCConfigurationList;
			buildConfigurations = (
				6D81643A1D866B8F00F2BEE2 /* Debug */,
				6D81643B1D866B8F00F2BEE2 /* Release */,
			);
			defaultConfigurationIsVisible = 0;
			defaultConfigurationName = Release;
		};
		6D81643C1D866B8F00F2BEE2 /* Build configuration list for PBXNativeTarget "RacTestTests" */ = {
			isa = XCConfigurationList;
			buildConfigurations = (
				6D81643D1D866B8F00F2BEE2 /* Debug */,
				6D81643E1D866B8F00F2BEE2 /* Release */,
			);
			defaultConfigurationIsVisible = 0;
			defaultConfigurationName = Release;
		};
		6D81643F1D866B8F00F2BEE2 /* Build configuration list for PBXNativeTarget "RacTestUITests" */ = {
			isa = XCConfigurationList;
			buildConfigurations = (
				6D8164401D866B8F00F2BEE2 /* Debug */,
				6D8164411D866B8F00F2BEE2 /* Release */,
			);
			defaultConfigurationIsVisible = 0;
			defaultConfigurationName = Release;
		};
/* End XCConfigurationList section */
	};
	rootObject = 6D8164041D866B8F00F2BEE2 /* Project object */;
}
